// !$*UTF8*$!
{
	archiveVersion = 1;
	classes = {
	};
	objectVersion = 56;
	objects = {

/* Begin PBXBuildFile section */
		A1B2C3D4E5F60001AA000040 /* OXADetectionApp.swift in Sources */ = {isa = PBXBuildFile; fileRef = A1B2C3D4E5F60001AA000020 /* OXADetectionApp.swift */; };
		A1B2C3D4E5F60001AA000041 /* ScanModels.swift in Sources */ = {isa = PBXBuildFile; fileRef = A1B2C3D4E5F60001AA000021 /* ScanModels.swift */; };
		A1B2C3D4E5F60001AA000042 /* ScanSession.swift in Sources */ = {isa = PBXBuildFile; fileRef = A1B2C3D4E5F60001AA000022 /* ScanSession.swift */; };
		A1B2C3D4E5F60001AA000043 /* OSHReport.swift in Sources */ = {isa = PBXBuildFile; fileRef = A1B2C3D4E5F60001AA000023 /* OSHReport.swift */; };
		A1B2C3D4E5F60001AA000044 /* AppSettings.swift in Sources */ = {isa = PBXBuildFile; fileRef = A1B2C3D4E5F60001AA000024 /* AppSettings.swift */; };
		A1B2C3D4E5F60001AA000045 /* CameraManager.swift in Sources */ = {isa = PBXBuildFile; fileRef = A1B2C3D4E5F60001AA000025 /* CameraManager.swift */; };
		A1B2C3D4E5F60001AA000046 /* AIAnalysisService.swift in Sources */ = {isa = PBXBuildFile; fileRef = A1B2C3D4E5F60001AA000026 /* AIAnalysisService.swift */; };
		A1B2C3D4E5F60001AA000047 /* MotionManager.swift in Sources */ = {isa = PBXBuildFile; fileRef = A1B2C3D4E5F60001AA000027 /* MotionManager.swift */; };
		A1B2C3D4E5F60001AA000048 /* LocationManager.swift in Sources */ = {isa = PBXBuildFile; fileRef = A1B2C3D4E5F60001AA000028 /* LocationManager.swift */; };
		A1B2C3D4E5F60001AA000049 /* StorageService.swift in Sources */ = {isa = PBXBuildFile; fileRef = A1B2C3D4E5F60001AA000029 /* StorageService.swift */; };
		A1B2C3D4E5F60001AA00004A /* ScanViewModel.swift in Sources */ = {isa = PBXBuildFile; fileRef = A1B2C3D4E5F60001AA00002A /* ScanViewModel.swift */; };
		A1B2C3D4E5F60001AA00004B /* StartScreen.swift in Sources */ = {isa = PBXBuildFile; fileRef = A1B2C3D4E5F60001AA00002B /* StartScreen.swift */; };
		A1B2C3D4E5F60001AA00004C /* ScanView.swift in Sources */ = {isa = PBXBuildFile; fileRef = A1B2C3D4E5F60001AA00002C /* ScanView.swift */; };
		A1B2C3D4E5F60001AA00004D /* SettingsView.swift in Sources */ = {isa = PBXBuildFile; fileRef = A1B2C3D4E5F60001AA00002D /* SettingsView.swift */; };
		A1B2C3D4E5F60001AA00004E /* ReportView.swift in Sources */ = {isa = PBXBuildFile; fileRef = A1B2C3D4E5F60001AA00002E /* ReportView.swift */; };
		A1B2C3D4E5F60001AA00004F /* HistoryView.swift in Sources */ = {isa = PBXBuildFile; fileRef = A1B2C3D4E5F60001AA00002F /* HistoryView.swift */; };
		A1B2C3D4E5F60001AA000050 /* GridOverlayView.swift in Sources */ = {isa = PBXBuildFile; fileRef = A1B2C3D4E5F60001AA000030 /* GridOverlayView.swift */; };
		A1B2C3D4E5F60001AA000051 /* Assets.xcassets in Resources */ = {isa = PBXBuildFile; fileRef = A1B2C3D4E5F60001AA000032 /* Assets.xcassets */; };
		A1B2C3D4E5F60001AA000070 /* AVFoundation.framework in Frameworks */ = {isa = PBXBuildFile; fileRef = A1B2C3D4E5F60001AA000060 /* AVFoundation.framework */; };
		A1B2C3D4E5F60001AA000071 /* Vision.framework in Frameworks */ = {isa = PBXBuildFile; fileRef = A1B2C3D4E5F60001AA000061 /* Vision.framework */; };
		A1B2C3D4E5F60001AA000072 /* CoreML.framework in Frameworks */ = {isa = PBXBuildFile; fileRef = A1B2C3D4E5F60001AA000062 /* CoreML.framework */; };
		A1B2C3D4E5F60001AA000073 /* CoreMotion.framework in Frameworks */ = {isa = PBXBuildFile; fileRef = A1B2C3D4E5F60001AA000063 /* CoreMotion.framework */; };
		A1B2C3D4E5F60001AA000074 /* CoreLocation.framework in Frameworks */ = {isa = PBXBuildFile; fileRef = A1B2C3D4E5F60001AA000064 /* CoreLocation.framework */; };
		A1B2C3D4E5F60001AA000075 /* UIKit.framework in Frameworks */ = {isa = PBXBuildFile; fileRef = A1B2C3D4E5F60001AA000065 /* UIKit.framework */; };
		A1B2C3D4E5F60001AA000076 /* SwiftUI.framework in Frameworks */ = {isa = PBXBuildFile; fileRef = A1B2C3D4E5F60001AA000066 /* SwiftUI.framework */; };
/* End PBXBuildFile section */

/* Begin PBXFileReference section */
		A1B2C3D4E5F60001AA00000D /* OXA Detektion.app */ = {isa = PBXFileReference; explicitFileType = wrapper.application; includeInIndex = 0; path = "OXA Detektion.app"; sourceTree = BUILT_PRODUCTS_DIR; };
		A1B2C3D4E5F60001AA000020 /* OXADetectionApp.swift */ = {isa = PBXFileReference; lastKnownFileType = sourcecode.swift; path = OXADetectionApp.swift; sourceTree = "<group>"; };
		A1B2C3D4E5F60001AA000021 /* ScanModels.swift */ = {isa = PBXFileReference; lastKnownFileType = sourcecode.swift; path = ScanModels.swift; sourceTree = "<group>"; };
		A1B2C3D4E5F60001AA000022 /* ScanSession.swift */ = {isa = PBXFileReference; lastKnownFileType = sourcecode.swift; path = ScanSession.swift; sourceTree = "<group>"; };
		A1B2C3D4E5F60001AA000023 /* OSHReport.swift */ = {isa = PBXFileReference; lastKnownFileType = sourcecode.swift; path = OSHReport.swift; sourceTree = "<group>"; };
		A1B2C3D4E5F60001AA000024 /* AppSettings.swift */ = {isa = PBXFileReference; lastKnownFileType = sourcecode.swift; path = AppSettings.swift; sourceTree = "<group>"; };
		A1B2C3D4E5F60001AA000025 /* CameraManager.swift */ = {isa = PBXFileReference; lastKnownFileType = sourcecode.swift; path = CameraManager.swift; sourceTree = "<group>"; };
		A1B2C3D4E5F60001AA000026 /* AIAnalysisService.swift */ = {isa = PBXFileReference; lastKnownFileType = sourcecode.swift; path = AIAnalysisService.swift; sourceTree = "<group>"; };
		A1B2C3D4E5F60001AA000027 /* MotionManager.swift */ = {isa = PBXFileReference; lastKnownFileType = sourcecode.swift; path = MotionManager.swift; sourceTree = "<group>"; };
		A1B2C3D4E5F60001AA000028 /* LocationManager.swift */ = {isa = PBXFileReference; lastKnownFileType = sourcecode.swift; path = LocationManager.swift; sourceTree = "<group>"; };
		A1B2C3D4E5F60001AA000029 /* StorageService.swift */ = {isa = PBXFileReference; lastKnownFileType = sourcecode.swift; path = StorageService.swift; sourceTree = "<group>"; };
		A1B2C3D4E5F60001AA00002A /* ScanViewModel.swift */ = {isa = PBXFileReference; lastKnownFileType = sourcecode.swift; path = ScanViewModel.swift; sourceTree = "<group>"; };
		A1B2C3D4E5F60001AA00002B /* StartScreen.swift */ = {isa = PBXFileReference; lastKnownFileType = sourcecode.swift; path = StartScreen.swift; sourceTree = "<group>"; };
		A1B2C3D4E5F60001AA00002C /* ScanView.swift */ = {isa = PBXFileReference; lastKnownFileType = sourcecode.swift; path = ScanView.swift; sourceTree = "<group>"; };
		A1B2C3D4E5F60001AA00002D /* SettingsView.swift */ = {isa = PBXFileReference; lastKnownFileType = sourcecode.swift; path = SettingsView.swift; sourceTree = "<group>"; };
		A1B2C3D4E5F60001AA00002E /* ReportView.swift */ = {isa = PBXFileReference; lastKnownFileType = sourcecode.swift; path = ReportView.swift; sourceTree = "<group>"; };
		A1B2C3D4E5F60001AA00002F /* HistoryView.swift */ = {isa = PBXFileReference; lastKnownFileType = sourcecode.swift; path = HistoryView.swift; sourceTree = "<group>"; };
		A1B2C3D4E5F60001AA000030 /* GridOverlayView.swift */ = {isa = PBXFileReference; lastKnownFileType = sourcecode.swift; path = GridOverlayView.swift; sourceTree = "<group>"; };
		A1B2C3D4E5F60001AA000031 /* Info.plist */ = {isa = PBXFileReference; lastKnownFileType = text.plist.xml; path = Info.plist; sourceTree = "<group>"; };
		A1B2C3D4E5F60001AA000032 /* Assets.xcassets */ = {isa = PBXFileReference; lastKnownFileType = folder.assetcatalog; path = Assets.xcassets; sourceTree = "<group>"; };
		A1B2C3D4E5F60001AA000060 /* AVFoundation.framework */ = {isa = PBXFileReference; lastKnownFileType = wrapper.framework; name = AVFoundation.framework; path = System/Library/Frameworks/AVFoundation.framework; sourceTree = SDKROOT; };
		A1B2C3D4E5F60001AA000061 /* Vision.framework */ = {isa = PBXFileReference; lastKnownFileType = wrapper.framework; name = Vision.framework; path = System/Library/Frameworks/Vision.framework; sourceTree = SDKROOT; };
		A1B2C3D4E5F60001AA000062 /* CoreML.framework */ = {isa = PBXFileReference; lastKnownFileType = wrapper.framework; name = CoreML.framework; path = System/Library/Frameworks/CoreML.framework; sourceTree = SDKROOT; };
		A1B2C3D4E5F60001AA000063 /* CoreMotion.framework */ = {isa = PBXFileReference; lastKnownFileType = wrapper.framework; name = CoreMotion.framework; path = System/Library/Frameworks/CoreMotion.framework; sourceTree = SDKROOT; };
		A1B2C3D4E5F60001AA000064 /* CoreLocation.framework */ = {isa = PBXFileReference; lastKnownFileType = wrapper.framework; name = CoreLocation.framework; path = System/Library/Frameworks/CoreLocation.framework; sourceTree = SDKROOT; };
		A1B2C3D4E5F60001AA000065 /* UIKit.framework */ = {isa = PBXFileReference; lastKnownFileType = wrapper.framework; name = UIKit.framework; path = System/Library/Frameworks/UIKit.framework; sourceTree = SDKROOT; };
		A1B2C3D4E5F60001AA000066 /* SwiftUI.framework */ = {isa = PBXFileReference; lastKnownFileType = wrapper.framework; name = SwiftUI.framework; path = System/Library/Frameworks/SwiftUI.framework; sourceTree = SDKROOT; };
/* End PBXFileReference section */

/* Begin PBXFrameworksBuildPhase section */
		A1B2C3D4E5F60001AA00000B /* Frameworks */ = {
			isa = PBXFrameworksBuildPhase;
			buildActionMask = 2147483647;
			files = (
				A1B2C3D4E5F60001AA000070 /* AVFoundation.framework in Frameworks */,
				A1B2C3D4E5F60001AA000071 /* Vision.framework in Frameworks */,
				A1B2C3D4E5F60001AA000072 /* CoreML.framework in Frameworks */,
				A1B2C3D4E5F60001AA000073 /* CoreMotion.framework in Frameworks */,
				A1B2C3D4E5F60001AA000074 /* CoreLocation.framework in Frameworks */,
				A1B2C3D4E5F60001AA000075 /* UIKit.framework in Frameworks */,
				A1B2C3D4E5F60001AA000076 /* SwiftUI.framework in Frameworks */,
			);
			runOnlyForDeploymentPostprocessing = 0;
		};
/* End PBXFrameworksBuildPhase section */

/* Begin PBXGroup section */
		A1B2C3D4E5F60001AA000002 /* = */ = {
			isa = PBXGroup;
			children = (
				A1B2C3D4E5F60001AA000010 /* OXADetection */,
				A1B2C3D4E5F60001AA000018 /* Frameworks */,
				A1B2C3D4E5F60001AA00000E /* Products */,
			);
			sourceTree = "<group>";
		};
		A1B2C3D4E5F60001AA00000E /* Products */ = {
			isa = PBXGroup;
			children = (
				A1B2C3D4E5F60001AA00000D /* OXA Detektion.app */,
			);
			name = Products;
			sourceTree = "<group>";
		};
		A1B2C3D4E5F60001AA000010 /* OXADetection */ = {
			isa = PBXGroup;
			children = (
				A1B2C3D4E5F60001AA000011 /* App */,
				A1B2C3D4E5F60001AA000012 /* Models */,
				A1B2C3D4E5F60001AA000013 /* Services */,
				A1B2C3D4E5F60001AA000014 /* ViewModels */,
				A1B2C3D4E5F60001AA000015 /* Views */,
				A1B2C3D4E5F60001AA000017 /* Resources */,
				A1B2C3D4E5F60001AA000032 /* Assets.xcassets */,
			);
			path = OXADetection;
			sourceTree = "<group>";
		};
		A1B2C3D4E5F60001AA000011 /* App */ = {
			isa = PBXGroup;
			children = (
				A1B2C3D4E5F60001AA000020 /* OXADetectionApp.swift */,
			);
			path = App;
			sourceTree = "<group>";
		};
		A1B2C3D4E5F60001AA000012 /* Models */ = {
			isa = PBXGroup;
			children = (
				A1B2C3D4E5F60001AA000021 /* ScanModels.swift */,
				A1B2C3D4E5F60001AA000022 /* ScanSession.swift */,
				A1B2C3D4E5F60001AA000023 /* OSHReport.swift */,
				A1B2C3D4E5F60001AA000024 /* AppSettings.swift */,
			);
			path = Models;
			sourceTree = "<group>";
		};
		A1B2C3D4E5F60001AA000013 /* Services */ = {
			isa = PBXGroup;
			children = (
				A1B2C3D4E5F60001AA000025 /* CameraManager.swift */,
				A1B2C3D4E5F60001AA000026 /* AIAnalysisService.swift */,
				A1B2C3D4E5F60001AA000027 /* MotionManager.swift */,
				A1B2C3D4E5F60001AA000028 /* LocationManager.swift */,
				A1B2C3D4E5F60001AA000029 /* StorageService.swift */,
			);
			path = Services;
			sourceTree = "<group>";
		};
		A1B2C3D4E5F60001AA000014 /* ViewModels */ = {
			isa = PBXGroup;
			children = (
				A1B2C3D4E5F60001AA00002A /* ScanViewModel.swift */,
			);
			path = ViewModels;
			sourceTree = "<group>";
		};
		A1B2C3D4E5F60001AA000015 /* Views */ = {
			isa = PBXGroup;
			children = (
				A1B2C3D4E5F60001AA00002B /* StartScreen.swift */,
				A1B2C3D4E5F60001AA00002C /* ScanView.swift */,
				A1B2C3D4E5F60001AA00002D /* SettingsView.swift */,
				A1B2C3D4E5F60001AA00002E /* ReportView.swift */,
				A1B2C3D4E5F60001AA00002F /* HistoryView.swift */,
				A1B2C3D4E5F60001AA000016 /* Components */,
			);
			path = Views;
			sourceTree = "<group>";
		};
		A1B2C3D4E5F60001AA000016 /* Components */ = {
			isa = PBXGroup;
			children = (
				A1B2C3D4E5F60001AA000030 /* GridOverlayView.swift */,
			);
			path = Components;
			sourceTree = "<group>";
		};
		A1B2C3D4E5F60001AA000017 /* Resources */ = {
			isa = PBXGroup;
			children = (
				A1B2C3D4E5F60001AA000031 /* Info.plist */,
			);
			path = Resources;
			sourceTree = "<group>";
		};
		A1B2C3D4E5F60001AA000018 /* Frameworks */ = {
			isa = PBXGroup;
			children = (
				A1B2C3D4E5F60001AA000060 /* AVFoundation.framework */,
				A1B2C3D4E5F60001AA000061 /* Vision.framework */,
				A1B2C3D4E5F60001AA000062 /* CoreML.framework */,
				A1B2C3D4E5F60001AA000063 /* CoreMotion.framework */,
				A1B2C3D4E5F60001AA000064 /* CoreLocation.framework */,
				A1B2C3D4E5F60001AA000065 /* UIKit.framework */,
				A1B2C3D4E5F60001AA000066 /* SwiftUI.framework */,
			);
			name = Frameworks;
			sourceTree = "<group>";
		};
/* End PBXGroup section */

/* Begin PBXNativeTarget section */
		A1B2C3D4E5F60001AA000006 /* OXADetection */ = {
			isa = PBXNativeTarget;
			buildConfigurationList = A1B2C3D4E5F60001AA000007 /* Build configuration list for PBXNativeTarget "OXADetection" */;
			buildPhases = (
				A1B2C3D4E5F60001AA00000A /* Sources */,
				A1B2C3D4E5F60001AA00000B /* Frameworks */,
				A1B2C3D4E5F60001AA00000C /* Resources */,
			);
			buildRules = (
			);
			dependencies = (
			);
			name = OXADetection;
			productName = "OXA Detektion";
			productReference = A1B2C3D4E5F60001AA00000D /* OXA Detektion.app */;
			productType = "com.apple.product-type.application";
		};
/* End PBXNativeTarget section */

/* Begin PBXProject section */
		A1B2C3D4E5F60001AA000001 /* Project object */ = {
			isa = PBXProject;
			attributes = {
				BuildIndependentTargetsInParallel = 1;
				LastSwiftUpdateCheck = 1500;
				LastUpgradeCheck = 1500;
				TargetAttributes = {
					A1B2C3D4E5F60001AA000006 = {
						CreatedOnToolsVersion = 15.0;
					};
				};
			};
			buildConfigurationList = A1B2C3D4E5F60001AA000003 /* Build configuration list for PBXProject "OXADetection" */;
			compatibilityVersion = "Xcode 14.0";
			developmentRegion = en;
			hasScannedForEncodings = 0;
			knownRegions = (
				en,
				Base,
			);
			mainGroup = A1B2C3D4E5F60001AA000002;
			productRefGroup = A1B2C3D4E5F60001AA00000E /* Products */;
			projectDirPath = "";
			projectRoot = "";
			targets = (
				A1B2C3D4E5F60001AA000006 /* OXADetection */,
			);
		};
/* End PBXProject section */

/* Begin PBXResourcesBuildPhase section */
		A1B2C3D4E5F60001AA00000C /* Resources */ = {
			isa = PBXResourcesBuildPhase;
			buildActionMask = 2147483647;
			files = (
				A1B2C3D4E5F60001AA000051 /* Assets.xcassets in Resources */,
			);
			runOnlyForDeploymentPostprocessing = 0;
		};
/* End PBXResourcesBuildPhase section */

/* Begin PBXSourcesBuildPhase section */
		A1B2C3D4E5F60001AA00000A /* Sources */ = {
			isa = PBXSourcesBuildPhase;
			buildActionMask = 2147483647;
			files = (
				A1B2C3D4E5F60001AA000040 /* OXADetectionApp.swift in Sources */,
				A1B2C3D4E5F60001AA000041 /* ScanModels.swift in Sources */,
				A1B2C3D4E5F60001AA000042 /* ScanSession.swift in Sources */,
				A1B2C3D4E5F60001AA000043 /* OSHReport.swift in Sources */,
				A1B2C3D4E5F60001AA000044 /* AppSettings.swift in Sources */,
				A1B2C3D4E5F60001AA000045 /* CameraManager.swift in Sources */,
				A1B2C3D4E5F60001AA000046 /* AIAnalysisService.swift in Sources */,
				A1B2C3D4E5F60001AA000047 /* MotionManager.swift in Sources */,
				A1B2C3D4E5F60001AA000048 /* LocationManager.swift in Sources */,
				A1B2C3D4E5F60001AA000049 /* StorageService.swift in Sources */,
				A1B2C3D4E5F60001AA00004A /* ScanViewModel.swift in Sources */,
				A1B2C3D4E5F60001AA00004B /* StartScreen.swift in Sources */,
				A1B2C3D4E5F60001AA00004C /* ScanView.swift in Sources */,
				A1B2C3D4E5F60001AA00004D /* SettingsView.swift in Sources */,
				A1B2C3D4E5F60001AA00004E /* ReportView.swift in Sources */,
				A1B2C3D4E5F60001AA00004F /* HistoryView.swift in Sources */,
				A1B2C3D4E5F60001AA000050 /* GridOverlayView.swift in Sources */,
			);
			runOnlyForDeploymentPostprocessing = 0;
		};
/* End PBXSourcesBuildPhase section */

/* Begin XCBuildConfiguration section */
		A1B2C3D4E5F60001AA000004 /* Debug */ = {
			isa = XCBuildConfiguration;
			buildSettings = {
				ALWAYS_SEARCH_USER_PATHS = NO;
				ASSETCATALOG_COMPILER_GENERATE_SWIFT_ASSET_SYMBOL_EXTENSIONS = YES;
				CLANG_ANALYZER_NONNULL = YES;
				CLANG_ANALYZER_NUMBER_OBJECT_CONVERSION = YES_AGGRESSIVE;
				CLANG_CXX_LANGUAGE_STANDARD = "gnu++20";
				CLANG_ENABLE_MODULES = YES;
				CLANG_ENABLE_OBJC_ARC = YES;
				CLANG_ENABLE_OBJC_WEAK = YES;
				CLANG_WARN_BLOCK_CAPTURE_AUTORELEASING = YES;
				CLANG_WARN_BOOL_CONVERSION = YES;
				CLANG_WARN_COMMA = YES;
				CLANG_WARN_CONSTANT_CONVERSION = YES;
				CLANG_WARN_DEPRECATED_OBJC_IMPLEMENTATIONS = YES;
				CLANG_WARN_DIRECT_OBJC_ISA_USAGE = YES_ERROR;
				CLANG_WARN_DOCUMENTATION_COMMENTS = YES;
				CLANG_WARN_EMPTY_BODY = YES;
				CLANG_WARN_ENUM_CONVERSION = YES;
				CLANG_WARN_INFINITE_RECURSION = YES;
				CLANG_WARN_INT_CONVERSION = YES;
				CLANG_WARN_NON_LITERAL_NULL_CONVERSION = YES;
				CLANG_WARN_OBJC_IMPLICIT_RETAIN_SELF = YES;
				CLANG_WARN_OBJC_LITERAL_CONVERSION = YES;
				CLANG_WARN_OBJC_ROOT_CLASS = YES_ERROR;
				CLANG_WARN_QUOTED_INCLUDE_IN_FRAMEWORK_HEADER = YES;
				CLANG_WARN_RANGE_LOOP_ANALYSIS = YES;
				CLANG_WARN_STRICT_PROTOTYPES = YES;
				CLANG_WARN_SUSPICIOUS_MOVE = YES;
				CLANG_WARN_UNGUARDED_AVAILABILITY = YES_AGGRESSIVE;
				CLANG_WARN_UNREACHABLE_CODE = YES;
				CLANG_WARN__DUPLICATE_METHOD_MATCH = YES;
				COPY_PHASE_STRIP = NO;
				DEBUG_INFORMATION_FORMAT = dwarf;
				ENABLE_STRICT_OBJC_MSGSEND = YES;
				ENABLE_TESTABILITY = YES;
				ENABLE_USER_SCRIPT_SANDBOXING = YES;
				GCC_C_LANGUAGE_STANDARD = gnu17;
				GCC_DYNAMIC_NO_PIC = NO;
				GCC_NO_COMMON_BLOCKS = YES;
				GCC_OPTIMIZATION_LEVEL = 0;
				GCC_PREPROCESSOR_DEFINITIONS = (
					"DEBUG=1",
					"$(inherited)",
				);
				GCC_WARN_64_TO_32_BIT_CONVERSION = YES;
				GCC_WARN_ABOUT_RETURN_TYPE = YES_ERROR;
				GCC_WARN_UNDECLARED_SELECTOR = YES;
				GCC_WARN_UNINITIALIZED_AUTOS = YES_AGGRESSIVE;
				GCC_WARN_UNUSED_FUNCTION = YES;
				GCC_WARN_UNUSED_VARIABLE = YES;
				IPHONEOS_DEPLOYMENT_TARGET = 17.0;
				LOCALIZATION_PREFERS_STRING_CATALOGS = YES;
				MTL_ENABLE_DEBUG_INFO = INCLUDE_SOURCE;
				MTL_FAST_MATH = YES;
				ONLY_ACTIVE_ARCH = YES;
				SDKROOT = iphoneos;
				SWIFT_ACTIVE_COMPILATION_CONDITIONS = "DEBUG $(inherited)";
				SWIFT_OPTIMIZATION_LEVEL = "-Onone";
				SWIFT_VERSION = 5.0;
			};
			name = Debug;
		};
		A1B2C3D4E5F60001AA000005 /* Release */ = {
			isa = XCBuildConfiguration;
			buildSettings = {
				ALWAYS_SEARCH_USER_PATHS = NO;
				ASSETCATALOG_COMPILER_GENERATE_SWIFT_ASSET_SYMBOL_EXTENSIONS = YES;
				CLANG_ANALYZER_NONNULL = YES;
				CLANG_ANALYZER_NUMBER_OBJECT_CONVERSION = YES_AGGRESSIVE;
				CLANG_CXX_LANGUAGE_STANDARD = "gnu++20";
				CLANG_ENABLE_MODULES = YES;
				CLANG_ENABLE_OBJC_ARC = YES;
				CLANG_ENABLE_OBJC_WEAK = YES;
				CLANG_WARN_BLOCK_CAPTURE_AUTORELEASING = YES;
				CLANG_WARN_BOOL_CONVERSION = YES;
				CLANG_WARN_COMMA = YES;
				CLANG_WARN_CONSTANT_CONVERSION = YES;
				CLANG_WARN_DEPRECATED_OBJC_IMPLEMENTATIONS = YES;
				CLANG_WARN_DIRECT_OBJC_ISA_USAGE = YES_ERROR;
				CLANG_WARN_DOCUMENTATION_COMMENTS = YES;
				CLANG_WARN_EMPTY_BODY = YES;
				CLANG_WARN_ENUM_CONVERSION = YES;
				CLANG_WARN_INFINITE_RECURSION = YES;
				CLANG_WARN_INT_CONVERSION = YES;
				CLANG_WARN_NON_LITERAL_NULL_CONVERSION = YES;
				CLANG_WARN_OBJC_IMPLICIT_RETAIN_SELF = YES;
				CLANG_WARN_OBJC_LITERAL_CONVERSION = YES;
				CLANG_WARN_OBJC_ROOT_CLASS = YES_ERROR;
				CLANG_WARN_QUOTED_INCLUDE_IN_FRAMEWORK_HEADER = YES;
				CLANG_WARN_RANGE_LOOP_ANALYSIS = YES;
				CLANG_WARN_STRICT_PROTOTYPES = YES;
				CLANG_WARN_SUSPICIOUS_MOVE = YES;
				CLANG_WARN_UNGUARDED_AVAILABILITY = YES_AGGRESSIVE;
				CLANG_WARN_UNREACHABLE_CODE = YES;
				CLANG_WARN__DUPLICATE_METHOD_MATCH = YES;
				COPY_PHASE_STRIP = NO;
				DEBUG_INFORMATION_FORMAT = "dwarf-with-dsym";
				ENABLE_NS_ASSERTIONS = NO;
				ENABLE_STRICT_OBJC_MSGSEND = YES;
				ENABLE_USER_SCRIPT_SANDBOXING = YES;
				GCC_C_LANGUAGE_STANDARD = gnu17;
				GCC_NO_COMMON_BLOCKS = YES;
				GCC_WARN_64_TO_32_BIT_CONVERSION = YES;
				GCC_WARN_ABOUT_RETURN_TYPE = YES_ERROR;
				GCC_WARN_UNDECLARED_SELECTOR = YES;
				GCC_WARN_UNINITIALIZED_AUTOS = YES_AGGRESSIVE;
				GCC_WARN_UNUSED_FUNCTION = YES;
				GCC_WARN_UNUSED_VARIABLE = YES;
				IPHONEOS_DEPLOYMENT_TARGET = 17.0;
				LOCALIZATION_PREFERS_STRING_CATALOGS = YES;
				MTL_ENABLE_DEBUG_INFO = NO;
				MTL_FAST_MATH = YES;
				SDKROOT = iphoneos;
				SWIFT_COMPILATION_MODE = wholemodule;
				SWIFT_VERSION = 5.0;
				VALIDATE_PRODUCT = YES;
			};
			name = Release;
		};
		A1B2C3D4E5F60001AA000008 /* Debug */ = {
			isa = XCBuildConfiguration;
			buildSettings = {
				ASSETCATALOG_COMPILER_APPICON_NAME = AppIcon;
				ASSETCATALOG_COMPILER_GLOBAL_ACCENT_COLOR_NAME = AccentColor;
				CODE_SIGN_STYLE = Automatic;
				CURRENT_PROJECT_VERSION = 1;
				GENERATE_INFOPLIST_FILE = YES;
				INFOPLIST_FILE = OXADetection/Resources/Info.plist;
				INFOPLIST_KEY_CFBundleDisplayName = "OXA Detektion";
				INFOPLIST_KEY_NSCameraUsageDescription = "OXA Detektion requires camera access to scan and detect objects.";
				INFOPLIST_KEY_NSLocationWhenInUseUsageDescription = "OXA Detektion uses your location to tag scan results.";
				INFOPLIST_KEY_NSMotionUsageDescription = "OXA Detektion uses motion data to stabilize scanning.";
				INFOPLIST_KEY_UIApplicationSceneManifest_Generation = YES;
				INFOPLIST_KEY_UIApplicationSupportsIndirectInputEvents = YES;
				INFOPLIST_KEY_UILaunchScreen_Generation = YES;
				INFOPLIST_KEY_UISupportedInterfaceOrientations = UIInterfaceOrientationPortrait;
				LD_RUNPATH_SEARCH_PATHS = (
					"$(inherited)",
					"@executable_path/Frameworks",
				);
				MARKETING_VERSION = 1.0;
				PRODUCT_BUNDLE_IDENTIFIER = com.oxadetection.app;
				PRODUCT_NAME = "OXA Detektion";
				SUPPORTED_PLATFORMS = "iphoneos iphonesimulator";
				SUPPORTS_MACCATALYST = NO;
				SWIFT_EMIT_LOC_STRINGS = YES;
				SWIFT_VERSION = 5.0;
				TARGETED_DEVICE_FAMILY = "1,2";
			};
			name = Debug;
		};
		A1B2C3D4E5F60001AA000009 /* Release */ = {
			isa = XCBuildConfiguration;
			buildSettings = {
				ASSETCATALOG_COMPILER_APPICON_NAME = AppIcon;
				ASSETCATALOG_COMPILER_GLOBAL_ACCENT_COLOR_NAME = AccentColor;
				CODE_SIGN_STYLE = Automatic;
				CURRENT_PROJECT_VERSION = 1;
				GENERATE_INFOPLIST_FILE = YES;
				INFOPLIST_FILE = OXADetection/Resources/Info.plist;
				INFOPLIST_KEY_CFBundleDisplayName = "OXA Detektion";
				INFOPLIST_KEY_NSCameraUsageDescription = "OXA Detektion requires camera access to scan and detect objects.";
				INFOPLIST_KEY_NSLocationWhenInUseUsageDescription = "OXA Detektion uses your location to tag scan results.";
				INFOPLIST_KEY_NSMotionUsageDescription = "OXA Detektion uses motion data to stabilize scanning.";
				INFOPLIST_KEY_UIApplicationSceneManifest_Generation = YES;
				INFOPLIST_KEY_UIApplicationSupportsIndirectInputEvents = YES;
				INFOPLIST_KEY_UILaunchScreen_Generation = YES;
				INFOPLIST_KEY_UISupportedInterfaceOrientations = UIInterfaceOrientationPortrait;
				LD_RUNPATH_SEARCH_PATHS = (
					"$(inherited)",
					"@executable_path/Frameworks",
				);
				MARKETING_VERSION = 1.0;
				PRODUCT_BUNDLE_IDENTIFIER = com.oxadetection.app;
				PRODUCT_NAME = "OXA Detektion";
				SUPPORTED_PLATFORMS = "iphoneos iphonesimulator";
				SUPPORTS_MACCATALYST = NO;
				SWIFT_EMIT_LOC_STRINGS = YES;
				SWIFT_VERSION = 5.0;
				TARGETED_DEVICE_FAMILY = "1,2";
			};
			name = Release;
		};
/* End XCBuildConfiguration section */

/* Begin XCConfigurationList section */
		A1B2C3D4E5F60001AA000003 /* Build configuration list for PBXProject "OXADetection" */ = {
			isa = XCConfigurationList;
			buildConfigurations = (
				A1B2C3D4E5F60001AA000004 /* Debug */,
				A1B2C3D4E5F60001AA000005 /* Release */,
			);
			defaultConfigurationIsVisible = 0;
			defaultConfigurationName = Release;
		};
		A1B2C3D4E5F60001AA000007 /* Build configuration list for PBXNativeTarget "OXADetection" */ = {
			isa = XCConfigurationList;
			buildConfigurations = (
				A1B2C3D4E5F60001AA000008 /* Debug */,
				A1B2C3D4E5F60001AA000009 /* Release */,
			);
			defaultConfigurationIsVisible = 0;
			defaultConfigurationName = Release;
		};
/* End XCConfigurationList section */
	};
	rootObject = A1B2C3D4E5F60001AA000001 /* Project object */;
}
